
Microsoft Visual Studio Solution File, Format Version 12.00
# Visual Studio Version 17
VisualStudioVersion = 17.0.31903.59
MinimumVisualStudioVersion = 10.0.40219.1
Project("{FAE04EC0-301F-11D3-BF4B-00C04F79EFBC}") = "OrderAccumulator", "OrderAccumulator\OrderAccumulator.csproj", "{65CAF2E2-2DA7-4BD5-8678-4858B3650CFE}"
EndProject
Project("{FAE04EC0-301F-11D3-BF4B-00C04F79EFBC}") = "OrderAccumulatorTest", "OrderAccumulatorTest\OrderAccumulatorTest.csproj", "{BD4B8064-22B7-4195-A20B-0F6F843DF080}"
EndProject
Global
	GlobalSection(SolutionConfigurationPlatforms) = preSolution
		Debug|Any CPU = Debug|Any CPU
		Release|Any CPU = Release|Any CPU
	EndGlobalSection
	GlobalSection(SolutionProperties) = preSolution
		HideSolutionNode = FALSE
	EndGlobalSection
	GlobalSection(ProjectConfigurationPlatforms) = postSolution
		{65CAF2E2-2DA7-4BD5-8678-4858B3650CFE}.Debug|Any CPU.ActiveCfg = Debug|Any CPU
		{65CAF2E2-2DA7-4BD5-8678-4858B3650CFE}.Debug|Any CPU.Build.0 = Debug|Any CPU
		{65CAF2E2-2DA7-4BD5-8678-4858B3650CFE}.Release|Any CPU.ActiveCfg = Release|Any CPU
		{65CAF2E2-2DA7-4BD5-8678-4858B3650CFE}.Release|Any CPU.Build.0 = Release|Any CPU
		{BD4B8064-22B7-4195-A20B-0F6F843DF080}.Debug|Any CPU.ActiveCfg = Debug|Any CPU
		{BD4B8064-22B7-4195-A20B-0F6F843DF080}.Debug|Any CPU.Build.0 = Debug|Any CPU
		{BD4B8064-22B7-4195-A20B-0F6F843DF080}.Release|Any CPU.ActiveCfg = Release|Any CPU
		{BD4B8064-22B7-4195-A20B-0F6F843DF080}.Release|Any CPU.Build.0 = Release|Any CPU
	EndGlobalSection
EndGlobal
